
Microsoft Visual Studio Solution File, Format Version 12.00
# Visual Studio Version 17
VisualStudioVersion = 17.9.34616.47
MinimumVisualStudioVersion = 10.0.40219.1
Project("{2150E333-8FDC-42A3-9474-1A3956D46DE8}") = "src", "src", "{AAD0B957-AC12-456A-9406-92378A35FED7}"
EndProject
Project("{FAE04EC0-301F-11D3-BF4B-00C04F79EFBC}") = "MTRPZ4.Application", "src\MTRPZ4.Application\MTRPZ4.Application.csproj", "{DAE1FE65-53E3-4D97-9A0C-643C522F15C1}"
EndProject
Project("{FAE04EC0-301F-11D3-BF4B-00C04F79EFBC}") = "MTRPZ4.Infrastructure", "src\MTRPZ4.Infrastructure\MTRPZ4.Infrastructure.csproj", "{4A3F595C-4763-4A5B-9DEF-47A1D7843C00}"
EndProject
Project("{FAE04EC0-301F-11D3-BF4B-00C04F79EFBC}") = "MTRPZ4.CoreDomain", "src\MTRPZ4.DomainCore\MTRPZ4.CoreDomain.csproj", "{12C6524C-0329-4E67-A675-08C79D4A731F}"
EndProject
Project("{FAE04EC0-301F-11D3-BF4B-00C04F79EFBC}") = "MTRPZ4.UI", "src\MTRPZ4.UI\MTRPZ4.UI.csproj", "{F20DBBB1-BDA7-48AD-8148-7A93724855AA}"
EndProject
Global
	GlobalSection(SolutionConfigurationPlatforms) = preSolution
		Debug|Any CPU = Debug|Any CPU
		Release|Any CPU = Release|Any CPU
	EndGlobalSection
	GlobalSection(ProjectConfigurationPlatforms) = postSolution
		{DAE1FE65-53E3-4D97-9A0C-643C522F15C1}.Debug|Any CPU.ActiveCfg = Debug|Any CPU
		{DAE1FE65-53E3-4D97-9A0C-643C522F15C1}.Debug|Any CPU.Build.0 = Debug|Any CPU
		{DAE1FE65-53E3-4D97-9A0C-643C522F15C1}.Release|Any CPU.ActiveCfg = Release|Any CPU
		{DAE1FE65-53E3-4D97-9A0C-643C522F15C1}.Release|Any CPU.Build.0 = Release|Any CPU
		{4A3F595C-4763-4A5B-9DEF-47A1D7843C00}.Debug|Any CPU.ActiveCfg = Debug|Any CPU
		{4A3F595C-4763-4A5B-9DEF-47A1D7843C00}.Debug|Any CPU.Build.0 = Debug|Any CPU
		{4A3F595C-4763-4A5B-9DEF-47A1D7843C00}.Release|Any CPU.ActiveCfg = Release|Any CPU
		{4A3F595C-4763-4A5B-9DEF-47A1D7843C00}.Release|Any CPU.Build.0 = Release|Any CPU
		{12C6524C-0329-4E67-A675-08C79D4A731F}.Debug|Any CPU.ActiveCfg = Debug|Any CPU
		{12C6524C-0329-4E67-A675-08C79D4A731F}.Debug|Any CPU.Build.0 = Debug|Any CPU
		{12C6524C-0329-4E67-A675-08C79D4A731F}.Release|Any CPU.ActiveCfg = Release|Any CPU
		{12C6524C-0329-4E67-A675-08C79D4A731F}.Release|Any CPU.Build.0 = Release|Any CPU
		{F20DBBB1-BDA7-48AD-8148-7A93724855AA}.Debug|Any CPU.ActiveCfg = Debug|Any CPU
		{F20DBBB1-BDA7-48AD-8148-7A93724855AA}.Debug|Any CPU.Build.0 = Debug|Any CPU
		{F20DBBB1-BDA7-48AD-8148-7A93724855AA}.Release|Any CPU.ActiveCfg = Release|Any CPU
		{F20DBBB1-BDA7-48AD-8148-7A93724855AA}.Release|Any CPU.Build.0 = Release|Any CPU
	EndGlobalSection
	GlobalSection(SolutionProperties) = preSolution
		HideSolutionNode = FALSE
	EndGlobalSection
	GlobalSection(NestedProjects) = preSolution
		{DAE1FE65-53E3-4D97-9A0C-643C522F15C1} = {AAD0B957-AC12-456A-9406-92378A35FED7}
		{4A3F595C-4763-4A5B-9DEF-47A1D7843C00} = {AAD0B957-AC12-456A-9406-92378A35FED7}
		{12C6524C-0329-4E67-A675-08C79D4A731F} = {AAD0B957-AC12-456A-9406-92378A35FED7}
		{F20DBBB1-BDA7-48AD-8148-7A93724855AA} = {AAD0B957-AC12-456A-9406-92378A35FED7}
	EndGlobalSection
	GlobalSection(ExtensibilityGlobals) = postSolution
		SolutionGuid = {A10A11A6-B126-4C6D-8D2F-7F7CF18FE829}
	EndGlobalSection
EndGlobal
